{"1.2.0",
[{<<"aten">>,{pkg,<<"aten">>,<<"0.6.0">>},3},
 {<<"evoq">>,{pkg,<<"evoq">>,<<"1.15.0">>},0},
 {<<"gen_batch_server">>,{pkg,<<"gen_batch_server">>,<<"0.8.9">>},3},
 {<<"horus">>,{pkg,<<"horus">>,<<"0.3.1">>},2},
 {<<"khepri">>,{pkg,<<"khepri">>,<<"0.17.2">>},1},
 {<<"mem_evoq">>,{pkg,<<"mem_evoq">>,<<"0.1.2">>},0},
 {<<"ra">>,{pkg,<<"ra">>,<<"2.16.12">>},2},
 {<<"reckon_db">>,{pkg,<<"reckon_db">>,<<"2.1.1">>},0},
 {<<"reckon_evoq">>,{pkg,<<"reckon_evoq">>,<<"2.1.0">>},0},
 {<<"reckon_gater">>,{pkg,<<"reckon_gater">>,<<"2.1.0">>},0},
 {<<"seshat">>,{pkg,<<"seshat">>,<<"0.6.0">>},3},
 {<<"telemetry">>,{pkg,<<"telemetry">>,<<"1.3.0">>},1}]}.
[
{pkg_hash,[
 {<<"aten">>, <<"7A57B275A6DAF515AC3683FB9853E280B4D0DCDD74292FD66AC4A01C8694F8C7">>},
 {<<"evoq">>, <<"A5C502DF0007696886AE2FA63C34C4998399E2F46F5C85AB7AC19783D04A516E">>},
 {<<"gen_batch_server">>, <<"1C6BC0F530BF8C17E8B4ACC20C2CC369FFA5BEE2B46DE01E21410745F24B1BC9">>},
 {<<"horus">>, <<"A5274C96E15924C28413752617B06050E4B08C04628B88209AFF9EA076F2BCB5">>},
 {<<"khepri">>, <<"9E23429CDCEE780D54F36CDE7550A781C2F217EA1F218794B0BCFB86373BA199">>},
 {<<"mem_evoq">>, <<"2F770455F97CF943CC561D336C6B42FBEAD5C2F0514750181AABD19A5373A23D">>},
 {<<"ra">>, <<"D97D0213E38C7D334128AA31940444EBFEEF3D370BA5F4ACC08D2BFBCC4979E9">>},
 {<<"reckon_db">>, <<"AA07B3046B966508B1656BCD0353F84D7ED23CA5B67D73A9E1CF46BFD0BFC2E3">>},
 {<<"reckon_evoq">>, <<"DFE36F1A3D777A85FC067E12ECD1B6849D217BD25B6B2500CB356625DBEAB00E">>},
 {<<"reckon_gater">>, <<"2DF075CEC441F4544007FE49A352B05265B103C4F6DD8D1FEFC2B41BCE7127B9">>},
 {<<"seshat">>, <<"3172EB1D7A2A4F66108CD6933A4E465AFF80F84AA90ED83F047B92F636123CCD">>},
 {<<"telemetry">>, <<"FEDEBBAE410D715CF8E7062C96A1EF32EC22E764197F70CDA73D82778D61E7A2">>}]},
{pkg_hash_ext,[
 {<<"aten">>, <<"5F39A164206AE3F211EF5880B1F7819415686436E3229D30B6A058564FBAA168">>},
 {<<"evoq">>, <<"4875E268B933EA02093DC315C57349226F0380C4F04E71A4C7015EADDF43D4F4">>},
 {<<"gen_batch_server">>, <<"C8581FE4A4B6BCCF91E53CE6A8C7E6C27C8C591BAB5408B160166463F5579C22">>},
 {<<"horus">>, <<"D564D30EBC274F0D92C3D44A336D0B892F000BE159912AE4E6838701E85495EC">>},
 {<<"khepri">>, <<"F42B4CD5E936EEEE8E89FD6CB05316935BE7611A42042FB9BAA2C10450CB77ED">>},
 {<<"mem_evoq">>, <<"A6D07EE17C7B3EDE532612CF98115001246C35B1CBE8C6D19C34FC6BD9000C2C">>},
 {<<"ra">>, <<"8A8F1A05250F9E91E253FD6CEE13A3551ECB2B10295D2E35233A3C0FE8EC2459">>},
 {<<"reckon_db">>, <<"ABD273BFE6F17622F2B62959D30C912FE3B536C9B65B32DFD16447E5138DF546">>},
 {<<"reckon_evoq">>, <<"1ECA28B56C7998B48E845119446A32A735FE58ED844E7F7702FF2108BB5B0053">>},
 {<<"reckon_gater">>, <<"A448888DC7787AE33CABD63A4FC7CCFAD8916F036AA14D78E9C08DB4F7C4F2DD">>},
 {<<"seshat">>, <<"7CEF700F92831DD7CAE6A6DD223CCC55AC88ECCE0631EE9AB0F2B5FB70E79B90">>},
 {<<"telemetry">>, <<"7015FC8919DBE63764F4B4B87A95B7C0996BD539E0D499BE6EC9D7F3875B79E6">>}]}
].
