{"1.2.0",
[{<<"evoq">>,{pkg,<<"evoq">>,<<"1.15.0">>},0},
 {<<"mem_evoq">>,{pkg,<<"mem_evoq">>,<<"0.1.1">>},0},
 {<<"reckon_gater">>,{pkg,<<"reckon_gater">>,<<"2.1.0">>},0},
 {<<"telemetry">>,{pkg,<<"telemetry">>,<<"1.3.0">>},1}]}.
[
{pkg_hash,[
 {<<"evoq">>, <<"A5C502DF0007696886AE2FA63C34C4998399E2F46F5C85AB7AC19783D04A516E">>},
 {<<"mem_evoq">>, <<"1412226AD950199725B4207CE4EB1BC373D69F9467B03C978D463115AF9784FF">>},
 {<<"reckon_gater">>, <<"2DF075CEC441F4544007FE49A352B05265B103C4F6DD8D1FEFC2B41BCE7127B9">>},
 {<<"telemetry">>, <<"FEDEBBAE410D715CF8E7062C96A1EF32EC22E764197F70CDA73D82778D61E7A2">>}]},
{pkg_hash_ext,[
 {<<"evoq">>, <<"4875E268B933EA02093DC315C57349226F0380C4F04E71A4C7015EADDF43D4F4">>},
 {<<"mem_evoq">>, <<"57371CAD14ABB5F0789C513A163A37ACCF57D17D77F4D89C53513F3662D9A411">>},
 {<<"reckon_gater">>, <<"A448888DC7787AE33CABD63A4FC7CCFAD8916F036AA14D78E9C08DB4F7C4F2DD">>},
 {<<"telemetry">>, <<"7015FC8919DBE63764F4B4B87A95B7C0996BD539E0D499BE6EC9D7F3875B79E6">>}]}
].
